<?xml version="1.0" encoding="utf-8"?>
<Project ToolsVersion="4.0" xmlns="http://schemas.microsoft.com/developer/msbuild/2003">
  <ItemGroup>
    <Filter Include="includes">
      <UniqueIdentifier>{434e214f-7340-49f3-8bf4-9bf537146b2a}</UniqueIdentifier>
    </Filter>
    <Filter Include="includes\raumkernel">
      <UniqueIdentifier>{0c66982c-cdfa-476d-8aed-dc6844347890}</UniqueIdentifier>
    </Filter>
    <Filter Include="includes\raumkernel\logger">
      <UniqueIdentifier>{9705deba-6b23-4c97-84b2-4ff9fd9aaf38}</UniqueIdentifier>
    </Filter>
    <Filter Include="includes\raumkernel\os">
      <UniqueIdentifier>{0992a14b-15bb-4a52-bfe6-d7088d92c6ce}</UniqueIdentifier>
    </Filter>
    <Filter Include="includes\raumkernel\rlutil">
      <UniqueIdentifier>{08bae692-a726-43ca-b310-72d0e8e4b68e}</UniqueIdentifier>
    </Filter>
    <Filter Include="logger">
      <UniqueIdentifier>{1953bbba-1553-4bd9-9994-394d0062a4ae}</UniqueIdentifier>
    </Filter>
    <Filter Include="includes\raumkernel\signals">
      <UniqueIdentifier>{fe0e430e-e951-41ff-971b-0a3654533ace}</UniqueIdentifier>
    </Filter>
    <Filter Include="includes\raumkernel\tools">
      <UniqueIdentifier>{0d5694ed-941a-4b12-879d-8c859d61f90d}</UniqueIdentifier>
    </Filter>
    <Filter Include="includes\raumkernel\exception">
      <UniqueIdentifier>{1f44167c-4ec5-4915-aae4-57a867ba0d36}</UniqueIdentifier>
    </Filter>
    <Filter Include="includes\raumkernel\manager">
      <UniqueIdentifier>{13fcb5d3-3dfe-453f-ab4e-bc32b4e50064}</UniqueIdentifier>
    </Filter>
    <Filter Include="manager">
      <UniqueIdentifier>{41720c54-9e6c-4404-827d-6d2c1df3fe4c}</UniqueIdentifier>
    </Filter>
    <Filter Include="includes\raumkernel\xml">
      <UniqueIdentifier>{ad8b8fd6-f976-4c3c-b490-21e949517514}</UniqueIdentifier>
    </Filter>
    <Filter Include="includes\raumkernel\device">
      <UniqueIdentifier>{0095d10d-398c-4901-9ab9-9184cd7d177d}</UniqueIdentifier>
    </Filter>
    <Filter Include="device">
      <UniqueIdentifier>{153cab5d-b085-47b7-8d9f-1a3b9e244600}</UniqueIdentifier>
    </Filter>
    <Filter Include="includes\raumkernel\device\proxies">
      <UniqueIdentifier>{a6c653fc-74dc-4c75-b260-fc008284ffd1}</UniqueIdentifier>
    </Filter>
    <Filter Include="device\proxies">
      <UniqueIdentifier>{33df1c3f-7edc-4108-8d4b-3841cb08962a}</UniqueIdentifier>
    </Filter>
    <Filter Include="includes\raumkernel\httpclient">
      <UniqueIdentifier>{e82f614f-c730-422d-8d4e-127d66a478f0}</UniqueIdentifier>
    </Filter>
    <Filter Include="httpclient">
      <UniqueIdentifier>{9f4e71e1-dac0-4a39-8182-5d5840403877}</UniqueIdentifier>
    </Filter>
    <Filter Include="tools">
      <UniqueIdentifier>{76b7a89c-92ba-413b-9d79-c2de41c1031d}</UniqueIdentifier>
    </Filter>
    <Filter Include="includes\raumkernel\device\eventParser">
      <UniqueIdentifier>{921c8d29-47f5-453c-8c44-1e4ebd34978b}</UniqueIdentifier>
    </Filter>
    <Filter Include="device\eventParser">
      <UniqueIdentifier>{a39e8a4c-8787-49a5-8726-92083f8b7b6e}</UniqueIdentifier>
    </Filter>
    <Filter Include="includes\raumkernel\media">
      <UniqueIdentifier>{7717ff39-4d26-4068-99e0-c80ced1448af}</UniqueIdentifier>
    </Filter>
    <Filter Include="media">
      <UniqueIdentifier>{676dce19-5a7e-46ab-a9b8-83bb1c614c88}</UniqueIdentifier>
    </Filter>
    <Filter Include="media\item">
      <UniqueIdentifier>{6b0764a2-0f7c-4f69-b199-5ac53a35ee29}</UniqueIdentifier>
    </Filter>
    <Filter Include="includes\raumkernel\media\item">
      <UniqueIdentifier>{c3b45b7f-6fe8-477b-b5e4-c6141fb7ddac}</UniqueIdentifier>
    </Filter>
    <Filter Include="includes\raumkernel\xml\pugixml">
      <UniqueIdentifier>{c0d9cd2d-0ace-4c38-9d99-777e1ab480b3}</UniqueIdentifier>
    </Filter>
    <Filter Include="xml">
      <UniqueIdentifier>{8b1a4a98-e8c7-45fc-b51d-06c1510d35cf}</UniqueIdentifier>
    </Filter>
    <Filter Include="xml\pugixml">
      <UniqueIdentifier>{0159f530-9a69-4fbe-9a92-dd6fab1e8e22}</UniqueIdentifier>
    </Filter>
  </ItemGroup>
  <ItemGroup>
    <ClInclude Include="includes\raumkernel\os\os.h">
      <Filter>includes\raumkernel\os</Filter>
    </ClInclude>
    <ClInclude Include="includes\raumkernel\rlutil\rlutil.h">
      <Filter>includes\raumkernel\rlutil</Filter>
    </ClInclude>
    <ClInclude Include="includes\raumkernel\logger\logger.h">
      <Filter>includes\raumkernel\logger</Filter>
    </ClInclude>
    <ClInclude Include="includes\raumkernel\signals\config.hpp">
      <Filter>includes\raumkernel\signals</Filter>
    </ClInclude>
    <ClInclude Include="includes\raumkernel\signals\connection.hpp">
      <Filter>includes\raumkernel\signals</Filter>
    </ClInclude>
    <ClInclude Include="includes\raumkernel\signals\connections.hpp">
      <Filter>includes\raumkernel\signals</Filter>
    </ClInclude>
    <ClInclude Include="includes\raumkernel\signals\signal.hpp">
      <Filter>includes\raumkernel\signals</Filter>
    </ClInclude>
    <ClInclude Include="includes\raumkernel\signals\signals.hpp">
      <Filter>includes\raumkernel\signals</Filter>
    </ClInclude>
    <ClInclude Include="includes\raumkernel\raumkernel.h">
      <Filter>includes\raumkernel</Filter>
    </ClInclude>
    <ClInclude Include="includes\raumkernel\raumkernelBase.h">
      <Filter>includes\raumkernel</Filter>
    </ClInclude>
    <ClInclude Include="includes\raumkernel\logger\loggerAdapter.h">
      <Filter>includes\raumkernel\logger</Filter>
    </ClInclude>
    <ClInclude Include="includes\raumkernel\logger\loggerBase.h">
      <Filter>includes\raumkernel\logger</Filter>
    </ClInclude>
    <ClInclude Include="includes\raumkernel\tools\dateUtil.h">
      <Filter>includes\raumkernel\tools</Filter>
    </ClInclude>
    <ClInclude Include="includes\raumkernel\exception\exception.h">
      <Filter>includes\raumkernel\exception</Filter>
    </ClInclude>
    <ClInclude Include="includes\raumkernel\manager\managerEngineer.h">
      <Filter>includes\raumkernel\manager</Filter>
    </ClInclude>
    <ClInclude Include="includes\raumkernel\manager\settingsManager.h">
      <Filter>includes\raumkernel\manager</Filter>
    </ClInclude>
    <ClInclude Include="includes\raumkernel\manager\managerBase.h">
      <Filter>includes\raumkernel\manager</Filter>
    </ClInclude>
    <ClInclude Include="includes\raumkernel\raumkernelBaseMgr.h">
      <Filter>includes\raumkernel</Filter>
    </ClInclude>
    <ClInclude Include="includes\raumkernel\manager\upnpManager.h">
      <Filter>includes\raumkernel\manager</Filter>
    </ClInclude>
    <ClInclude Include="includes\raumkernel\tools\uriUtil.h">
      <Filter>includes\raumkernel\tools</Filter>
    </ClInclude>
    <ClInclude Include="includes\raumkernel\tools\commonUtil.h">
      <Filter>includes\raumkernel\tools</Filter>
    </ClInclude>
    <ClInclude Include="includes\raumkernel\manager\deviceManager.h">
      <Filter>includes\raumkernel\manager</Filter>
    </ClInclude>
    <ClInclude Include="includes\raumkernel\device\device.h">
      <Filter>includes\raumkernel\device</Filter>
    </ClInclude>
    <ClInclude Include="includes\raumkernel\device\deviceMediaRenderer.h">
      <Filter>includes\raumkernel\device</Filter>
    </ClInclude>
    <ClInclude Include="includes\raumkernel\device\deviceCreator.h">
      <Filter>includes\raumkernel\device</Filter>
    </ClInclude>
    <ClInclude Include="includes\raumkernel\device\proxies\CpUpnpOrgAVTransport1.h">
      <Filter>includes\raumkernel\device\proxies</Filter>
    </ClInclude>
    <ClInclude Include="includes\raumkernel\device\proxies\CpUpnpOrgAVTransport2.h">
      <Filter>includes\raumkernel\device\proxies</Filter>
    </ClInclude>
    <ClInclude Include="includes\raumkernel\device\proxies\CpUpnpOrgConnectionManager1.h">
      <Filter>includes\raumkernel\device\proxies</Filter>
    </ClInclude>
    <ClInclude Include="includes\raumkernel\device\proxies\CpUpnpOrgConnectionManager2.h">
      <Filter>includes\raumkernel\device\proxies</Filter>
    </ClInclude>
    <ClInclude Include="includes\raumkernel\device\proxies\CpUpnpOrgContentDirectory1.h">
      <Filter>includes\raumkernel\device\proxies</Filter>
    </ClInclude>
    <ClInclude Include="includes\raumkernel\device\proxies\CpUpnpOrgContentDirectory2.h">
      <Filter>includes\raumkernel\device\proxies</Filter>
    </ClInclude>
    <ClInclude Include="includes\raumkernel\device\proxies\CpUpnpOrgContentDirectory3.h">
      <Filter>includes\raumkernel\device\proxies</Filter>
    </ClInclude>
    <ClInclude Include="includes\raumkernel\device\proxies\CpUpnpOrgRenderingControl1.h">
      <Filter>includes\raumkernel\device\proxies</Filter>
    </ClInclude>
    <ClInclude Include="includes\raumkernel\device\proxies\CpUpnpOrgRenderingControl2.h">
      <Filter>includes\raumkernel\device\proxies</Filter>
    </ClInclude>
    <ClInclude Include="includes\raumkernel\device\proxies\CpUpnpOrgConnectionManager_RaumfeldVirtual1.h">
      <Filter>includes\raumkernel\device\proxies</Filter>
    </ClInclude>
    <ClInclude Include="includes\raumkernel\device\proxies\CpUpnpOrgRenderingControl_RaumfeldVirtual1.h">
      <Filter>includes\raumkernel\device\proxies</Filter>
    </ClInclude>
    <ClInclude Include="includes\raumkernel\device\deviceMediaRenderer_RF.h">
      <Filter>includes\raumkernel\device</Filter>
    </ClInclude>
    <ClInclude Include="includes\raumkernel\device\deviceMediaRenderer_RFVirtual.h">
      <Filter>includes\raumkernel\device</Filter>
    </ClInclude>
    <ClInclude Include="includes\raumkernel\device\deviceMediaServer.h">
      <Filter>includes\raumkernel\device</Filter>
    </ClInclude>
    <ClInclude Include="includes\raumkernel\device\deviceMediaServer_RF.h">
      <Filter>includes\raumkernel\device</Filter>
    </ClInclude>
    <ClInclude Include="includes\raumkernel\device\proxies\CpUpnpOrgContentDirectory_Raumfeld1.h">
      <Filter>includes\raumkernel\device\proxies</Filter>
    </ClInclude>
    <ClInclude Include="includes\raumkernel\device\proxies\CpUpnpOrgAVTransport_RaumfeldVirtual1.h">
      <Filter>includes\raumkernel\device\proxies</Filter>
    </ClInclude>
    <ClInclude Include="includes\raumkernel\manager\zoneManager.h">
      <Filter>includes\raumkernel\manager</Filter>
    </ClInclude>
    <ClInclude Include="includes\raumkernel\httpclient\httpClient.h">
      <Filter>includes\raumkernel\httpclient</Filter>
    </ClInclude>
    <ClInclude Include="includes\raumkernel\httpclient\httpRequest.h">
      <Filter>includes\raumkernel\httpclient</Filter>
    </ClInclude>
    <ClInclude Include="includes\raumkernel\httpclient\httpResponse.h">
      <Filter>includes\raumkernel\httpclient</Filter>
    </ClInclude>
    <ClInclude Include="includes\raumkernel\tools\urlParser.h">
      <Filter>includes\raumkernel\tools</Filter>
    </ClInclude>
    <ClInclude Include="includes\raumkernel\httpclient\happyhttp.h">
      <Filter>includes\raumkernel\httpclient</Filter>
    </ClInclude>
    <ClInclude Include="includes\raumkernel\manager\mediaListManager.h">
      <Filter>includes\raumkernel\manager</Filter>
    </ClInclude>
    <ClInclude Include="includes\raumkernel\tools\stringUtil.h">
      <Filter>includes\raumkernel\tools</Filter>
    </ClInclude>
    <ClInclude Include="includes\raumkernel\tools\numUtil.h">
      <Filter>includes\raumkernel\tools</Filter>
    </ClInclude>
    <ClInclude Include="includes\raumkernel\device\eventParser\deviceEventParser.h">
      <Filter>includes\raumkernel\device\eventParser</Filter>
    </ClInclude>
    <ClInclude Include="includes\raumkernel\device\eventParser\deviceEventParserMediaRenderer.h">
      <Filter>includes\raumkernel\device\eventParser</Filter>
    </ClInclude>
    <ClInclude Include="includes\raumkernel\device\eventParser\deviceEventParserMediaServer.h">
      <Filter>includes\raumkernel\device\eventParser</Filter>
    </ClInclude>
    <ClInclude Include="includes\raumkernel\media\item\mediaItem.h">
      <Filter>includes\raumkernel\media\item</Filter>
    </ClInclude>
    <ClInclude Include="includes\raumkernel\media\item\mediaItem_Album.h">
      <Filter>includes\raumkernel\media\item</Filter>
    </ClInclude>
    <ClInclude Include="includes\raumkernel\media\item\mediaItem_Artist.h">
      <Filter>includes\raumkernel\media\item</Filter>
    </ClInclude>
    <ClInclude Include="includes\raumkernel\media\item\mediaItem_Composer.h">
      <Filter>includes\raumkernel\media\item</Filter>
    </ClInclude>
    <ClInclude Include="includes\raumkernel\media\item\mediaItem_Container.h">
      <Filter>includes\raumkernel\media\item</Filter>
    </ClInclude>
    <ClInclude Include="includes\raumkernel\media\item\mediaItem_Genre.h">
      <Filter>includes\raumkernel\media\item</Filter>
    </ClInclude>
    <ClInclude Include="includes\raumkernel\media\item\mediaItem_LineIn.h">
      <Filter>includes\raumkernel\media\item</Filter>
    </ClInclude>
    <ClInclude Include="includes\raumkernel\media\item\mediaItem_Playlist.h">
      <Filter>includes\raumkernel\media\item</Filter>
    </ClInclude>
    <ClInclude Include="includes\raumkernel\media\item\mediaItem_Radio.h">
      <Filter>includes\raumkernel\media\item</Filter>
    </ClInclude>
    <ClInclude Include="includes\raumkernel\media\item\mediaItem_Shuffle.h">
      <Filter>includes\raumkernel\media\item</Filter>
    </ClInclude>
    <ClInclude Include="includes\raumkernel\media\item\mediaItem_StorageFolder.h">
      <Filter>includes\raumkernel\media\item</Filter>
    </ClInclude>
    <ClInclude Include="includes\raumkernel\media\item\mediaItem_Track.h">
      <Filter>includes\raumkernel\media\item</Filter>
    </ClInclude>
    <ClInclude Include="includes\raumkernel\media\item\mediaItem_TrackContainer.h">
      <Filter>includes\raumkernel\media\item</Filter>
    </ClInclude>
    <ClInclude Include="includes\raumkernel\media\item\mediaItems.h">
      <Filter>includes\raumkernel\media\item</Filter>
    </ClInclude>
    <ClInclude Include="includes\raumkernel\media\item\mediaItem_RhapsodyRadio.h">
      <Filter>includes\raumkernel\media\item</Filter>
    </ClInclude>
    <ClInclude Include="includes\raumkernel\media\mediaItemCreator.h">
      <Filter>includes\raumkernel\media</Filter>
    </ClInclude>
    <ClInclude Include="includes\raumkernel\xml\pugixml\pugiconfig.hpp">
      <Filter>includes\raumkernel\xml\pugixml</Filter>
    </ClInclude>
    <ClInclude Include="includes\raumkernel\xml\pugixml\pugixml.hpp">
      <Filter>includes\raumkernel\xml\pugixml</Filter>
    </ClInclude>
    <ClInclude Include="includes\raumkernel\versionInfo.h">
      <Filter>includes\raumkernel</Filter>
    </ClInclude>
    <ClInclude Include="includes\raumkernel\versionNumber.h">
      <Filter>includes\raumkernel</Filter>
    </ClInclude>
    <ClInclude Include="includes\raumkernel\backtrace.hpp">
      <Filter>includes\raumkernel</Filter>
    </ClInclude>
  </ItemGroup>
  <ItemGroup>
    <ClCompile Include="logger\logger.cpp">
      <Filter>logger</Filter>
    </ClCompile>
    <ClCompile Include="raumkernel.cpp" />
    <ClCompile Include="raumkernelBase.cpp" />
    <ClCompile Include="logger\loggerAdapter.cpp">
      <Filter>logger</Filter>
    </ClCompile>
    <ClCompile Include="manager\managerEngineer.cpp">
      <Filter>manager</Filter>
    </ClCompile>
    <ClCompile Include="manager\settingsManager.cpp">
      <Filter>manager</Filter>
    </ClCompile>
    <ClCompile Include="manager\managerBase.cpp">
      <Filter>manager</Filter>
    </ClCompile>
    <ClCompile Include="raumkernelBaseMgr.cpp" />
    <ClCompile Include="manager\upnpManager.cpp">
      <Filter>manager</Filter>
    </ClCompile>
    <ClCompile Include="manager\deviceManager.cpp">
      <Filter>manager</Filter>
    </ClCompile>
    <ClCompile Include="device\device.cpp">
      <Filter>device</Filter>
    </ClCompile>
    <ClCompile Include="device\deviceMediaRenderer.cpp">
      <Filter>device</Filter>
    </ClCompile>
    <ClCompile Include="device\deviceCreator.cpp">
      <Filter>device</Filter>
    </ClCompile>
    <ClCompile Include="device\proxies\CpUpnpOrgAVTransport1Std.cpp">
      <Filter>device\proxies</Filter>
    </ClCompile>
    <ClCompile Include="device\proxies\CpUpnpOrgAVTransport2Std.cpp">
      <Filter>device\proxies</Filter>
    </ClCompile>
    <ClCompile Include="device\proxies\CpUpnpOrgConnectionManager1Std.cpp">
      <Filter>device\proxies</Filter>
    </ClCompile>
    <ClCompile Include="device\proxies\CpUpnpOrgConnectionManager2Std.cpp">
      <Filter>device\proxies</Filter>
    </ClCompile>
    <ClCompile Include="device\proxies\CpUpnpOrgContentDirectory1Std.cpp">
      <Filter>device\proxies</Filter>
    </ClCompile>
    <ClCompile Include="device\proxies\CpUpnpOrgContentDirectory2Std.cpp">
      <Filter>device\proxies</Filter>
    </ClCompile>
    <ClCompile Include="device\proxies\CpUpnpOrgContentDirectory3Std.cpp">
      <Filter>device\proxies</Filter>
    </ClCompile>
    <ClCompile Include="device\proxies\CpUpnpOrgRenderingControl1Std.cpp">
      <Filter>device\proxies</Filter>
    </ClCompile>
    <ClCompile Include="device\proxies\CpUpnpOrgRenderingControl2Std.cpp">
      <Filter>device\proxies</Filter>
    </ClCompile>
    <ClCompile Include="device\proxies\CpUpnpOrgConnectionManager_RaumfeldVirtual1Std.cpp">
      <Filter>device\proxies</Filter>
    </ClCompile>
    <ClCompile Include="device\proxies\CpUpnpOrgRenderingControl_RaumfeldVirtual1Std.cpp">
      <Filter>device\proxies</Filter>
    </ClCompile>
    <ClCompile Include="device\deviceMediaRenderer_RF.cpp">
      <Filter>device</Filter>
    </ClCompile>
    <ClCompile Include="device\deviceMediaRenderer_RFVirtual.cpp">
      <Filter>device</Filter>
    </ClCompile>
    <ClCompile Include="device\deviceMediaServer.cpp">
      <Filter>device</Filter>
    </ClCompile>
    <ClCompile Include="device\deviceMediaServer_RF.cpp">
      <Filter>device</Filter>
    </ClCompile>
    <ClCompile Include="device\proxies\CpUpnpOrgContentDirectory_Raumfeld1Std.cpp">
      <Filter>device\proxies</Filter>
    </ClCompile>
    <ClCompile Include="device\proxies\CpUpnpOrgAVTransport_RaumfeldVirtual1Std.cpp">
      <Filter>device\proxies</Filter>
    </ClCompile>
    <ClCompile Include="manager\zoneManager.cpp">
      <Filter>manager</Filter>
    </ClCompile>
    <ClCompile Include="httpclient\httpClient.cpp">
      <Filter>httpclient</Filter>
    </ClCompile>
    <ClCompile Include="httpclient\httpRequest.cpp">
      <Filter>httpclient</Filter>
    </ClCompile>
    <ClCompile Include="httpclient\httpResponse.cpp">
      <Filter>httpclient</Filter>
    </ClCompile>
    <ClCompile Include="tools\urlParser.cpp">
      <Filter>tools</Filter>
    </ClCompile>
    <ClCompile Include="httpclient\happyhttp.cpp">
      <Filter>httpclient</Filter>
    </ClCompile>
    <ClCompile Include="manager\mediaListManager.cpp">
      <Filter>manager</Filter>
    </ClCompile>
    <ClCompile Include="device\eventParser\deviceEventParser.cpp">
      <Filter>device\eventParser</Filter>
    </ClCompile>
    <ClCompile Include="device\eventParser\deviceEventParserMediaRenderer.cpp">
      <Filter>device\eventParser</Filter>
    </ClCompile>
    <ClCompile Include="device\eventParser\deviceEventParserMediaServer.cpp">
      <Filter>device\eventParser</Filter>
    </ClCompile>
    <ClCompile Include="media\item\mediaItem.cpp">
      <Filter>media\item</Filter>
    </ClCompile>
    <ClCompile Include="media\item\mediaItem_TrackContainer.cpp">
      <Filter>media\item</Filter>
    </ClCompile>
    <ClCompile Include="media\item\mediaItem_Album.cpp">
      <Filter>media\item</Filter>
    </ClCompile>
    <ClCompile Include="media\item\mediaItem_Artist.cpp">
      <Filter>media\item</Filter>
    </ClCompile>
    <ClCompile Include="media\item\mediaItem_Composer.cpp">
      <Filter>media\item</Filter>
    </ClCompile>
    <ClCompile Include="media\item\mediaItem_Container.cpp">
      <Filter>media\item</Filter>
    </ClCompile>
    <ClCompile Include="media\item\mediaItem_Genre.cpp">
      <Filter>media\item</Filter>
    </ClCompile>
    <ClCompile Include="media\item\mediaItem_LineIn.cpp">
      <Filter>media\item</Filter>
    </ClCompile>
    <ClCompile Include="media\item\mediaItem_Playlist.cpp">
      <Filter>media\item</Filter>
    </ClCompile>
    <ClCompile Include="media\item\mediaItem_Radio.cpp">
      <Filter>media\item</Filter>
    </ClCompile>
    <ClCompile Include="media\item\mediaItem_RhapsodyRadio.cpp">
      <Filter>media\item</Filter>
    </ClCompile>
    <ClCompile Include="media\item\mediaItem_Shuffle.cpp">
      <Filter>media\item</Filter>
    </ClCompile>
    <ClCompile Include="media\item\mediaItem_StorageFolder.cpp">
      <Filter>media\item</Filter>
    </ClCompile>
    <ClCompile Include="media\item\mediaItem_Track.cpp">
      <Filter>media\item</Filter>
    </ClCompile>
    <ClCompile Include="media\mediaItemCreator.cpp">
      <Filter>media</Filter>
    </ClCompile>
    <ClCompile Include="xml\pugixml\pugixml.cpp">
      <Filter>xml\pugixml</Filter>
    </ClCompile>
  </ItemGroup>
  <ItemGroup>
    <Xml Include="raumkernel.xml" />
  </ItemGroup>
  <ItemGroup>
    <None Include="..\README.md" />
  </ItemGroup>
</Project>